// !$*UTF8*$!
{
	archiveVersion = 1;
	classes = {
	};
	objectVersion = 56;
	objects = {

/* Begin PBXBuildFile section */
		B141C11D2BF493210030D783 /* a_guitarists_best_friendApp.swift in Sources */ = {isa = PBXBuildFile; fileRef = B141C11C2BF493210030D783 /* a_guitarists_best_friendApp.swift */; };
		B141C11F2BF493210030D783 /* ContentView.swift in Sources */ = {isa = PBXBuildFile; fileRef = B141C11E2BF493210030D783 /* ContentView.swift */; };
		B141C1212BF493220030D783 /* Assets.xcassets in Resources */ = {isa = PBXBuildFile; fileRef = B141C1202BF493220030D783 /* Assets.xcassets */; };
		B141C1242BF493220030D783 /* Preview Assets.xcassets in Resources */ = {isa = PBXBuildFile; fileRef = B141C1232BF493220030D783 /* Preview Assets.xcassets */; };
		B141C12E2BF493220030D783 /* a_guitarists_best_friendTests.swift in Sources */ = {isa = PBXBuildFile; fileRef = B141C12D2BF493220030D783 /* a_guitarists_best_friendTests.swift */; };
		B141C1382BF493220030D783 /* a_guitarists_best_friendUITests.swift in Sources */ = {isa = PBXBuildFile; fileRef = B141C1372BF493220030D783 /* a_guitarists_best_friendUITests.swift */; };
		B141C13A2BF493220030D783 /* a_guitarists_best_friendUITestsLaunchTests.swift in Sources */ = {isa = PBXBuildFile; fileRef = B141C1392BF493220030D783 /* a_guitarists_best_friendUITestsLaunchTests.swift */; };
/* End PBXBuildFile section */

/* Begin PBXContainerItemProxy section */
		B141C12A2BF493220030D783 /* PBXContainerItemProxy */ = {
			isa = PBXContainerItemProxy;
			containerPortal = B141C1112BF493200030D783 /* Project object */;
			proxyType = 1;
			remoteGlobalIDString = B141C1182BF493200030D783;
			remoteInfo = "a-guitarists-best-friend";
		};
		B141C1342BF493220030D783 /* PBXContainerItemProxy */ = {
			isa = PBXContainerItemProxy;
			containerPortal = B141C1112BF493200030D783 /* Project object */;
			proxyType = 1;
			remoteGlobalIDString = B141C1182BF493200030D783;
			remoteInfo = "a-guitarists-best-friend";
		};
/* End PBXContainerItemProxy section */

/* Begin PBXFileReference section */
		B141C1192BF493210030D783 /* a-guitarists-best-friend.app */ = {isa = PBXFileReference; explicitFileType = wrapper.application; includeInIndex = 0; path = "a-guitarists-best-friend.app"; sourceTree = BUILT_PRODUCTS_DIR; };
		B141C11C2BF493210030D783 /* a_guitarists_best_friendApp.swift */ = {isa = PBXFileReference; lastKnownFileType = sourcecode.swift; path = a_guitarists_best_friendApp.swift; sourceTree = "<group>"; };
		B141C11E2BF493210030D783 /* ContentView.swift */ = {isa = PBXFileReference; lastKnownFileType = sourcecode.swift; path = ContentView.swift; sourceTree = "<group>"; };
		B141C1202BF493220030D783 /* Assets.xcassets */ = {isa = PBXFileReference; lastKnownFileType = folder.assetcatalog; path = Assets.xcassets; sourceTree = "<group>"; };
		B141C1232BF493220030D783 /* Preview Assets.xcassets */ = {isa = PBXFileReference; lastKnownFileType = folder.assetcatalog; path = "Preview Assets.xcassets"; sourceTree = "<group>"; };
		B141C1292BF493220030D783 /* a-guitarists-best-friendTests.xctest */ = {isa = PBXFileReference; explicitFileType = wrapper.cfbundle; includeInIndex = 0; path = "a-guitarists-best-friendTests.xctest"; sourceTree = BUILT_PRODUCTS_DIR; };
		B141C12D2BF493220030D783 /* a_guitarists_best_friendTests.swift */ = {isa = PBXFileReference; lastKnownFileType = sourcecode.swift; path = a_guitarists_best_friendTests.swift; sourceTree = "<group>"; };
		B141C1332BF493220030D783 /* a-guitarists-best-friendUITests.xctest */ = {isa = PBXFileReference; explicitFileType = wrapper.cfbundle; includeInIndex = 0; path = "a-guitarists-best-friendUITests.xctest"; sourceTree = BUILT_PRODUCTS_DIR; };
		B141C1372BF493220030D783 /* a_guitarists_best_friendUITests.swift */ = {isa = PBXFileReference; lastKnownFileType = sourcecode.swift; path = a_guitarists_best_friendUITests.swift; sourceTree = "<group>"; };
		B141C1392BF493220030D783 /* a_guitarists_best_friendUITestsLaunchTests.swift */ = {isa = PBXFileReference; lastKnownFileType = sourcecode.swift; path = a_guitarists_best_friendUITestsLaunchTests.swift; sourceTree = "<group>"; };
/* End PBXFileReference section */

/* Begin PBXFrameworksBuildPhase section */
		B141C1162BF493200030D783 /* Frameworks */ = {
			isa = PBXFrameworksBuildPhase;
			buildActionMask = 2147483647;
			files = (
			);
			runOnlyForDeploymentPostprocessing = 0;
		};
		B141C1262BF493220030D783 /* Frameworks */ = {
			isa = PBXFrameworksBuildPhase;
			buildActionMask = 2147483647;
			files = (
			);
			runOnlyForDeploymentPostprocessing = 0;
		};
		B141C1302BF493220030D783 /* Frameworks */ = {
			isa = PBXFrameworksBuildPhase;
			buildActionMask = 2147483647;
			files = (
			);
			runOnlyForDeploymentPostprocessing = 0;
		};
/* End PBXFrameworksBuildPhase section */

/* Begin PBXGroup section */
		B141C1102BF493200030D783 = {
			isa = PBXGroup;
			children = (
				B141C11B2BF493210030D783 /* a-guitarists-best-friend */,
				B141C12C2BF493220030D783 /* a-guitarists-best-friendTests */,
				B141C1362BF493220030D783 /* a-guitarists-best-friendUITests */,
				B141C11A2BF493210030D783 /* Products */,
			);
			sourceTree = "<group>";
		};
		B141C11A2BF493210030D783 /* Products */ = {
			isa = PBXGroup;
			children = (
				B141C1192BF493210030D783 /* a-guitarists-best-friend.app */,
				B141C1292BF493220030D783 /* a-guitarists-best-friendTests.xctest */,
				B141C1332BF493220030D783 /* a-guitarists-best-friendUITests.xctest */,
			);
			name = Products;
			sourceTree = "<group>";
		};
		B141C11B2BF493210030D783 /* a-guitarists-best-friend */ = {
			isa = PBXGroup;
			children = (
				B141C11C2BF493210030D783 /* a_guitarists_best_friendApp.swift */,
				B141C11E2BF493210030D783 /* ContentView.swift */,
				B141C1202BF493220030D783 /* Assets.xcassets */,
				B141C1222BF493220030D783 /* Preview Content */,
			);
			path = "a-guitarists-best-friend";
			sourceTree = "<group>";
		};
		B141C1222BF493220030D783 /* Preview Content */ = {
			isa = PBXGroup;
			children = (
				B141C1232BF493220030D783 /* Preview Assets.xcassets */,
			);
			path = "Preview Content";
			sourceTree = "<group>";
		};
		B141C12C2BF493220030D783 /* a-guitarists-best-friendTests */ = {
			isa = PBXGroup;
			children = (
				B141C12D2BF493220030D783 /* a_guitarists_best_friendTests.swift */,
			);
			path = "a-guitarists-best-friendTests";
			sourceTree = "<group>";
		};
		B141C1362BF493220030D783 /* a-guitarists-best-friendUITests */ = {
			isa = PBXGroup;
			children = (
				B141C1372BF493220030D783 /* a_guitarists_best_friendUITests.swift */,
				B141C1392BF493220030D783 /* a_guitarists_best_friendUITestsLaunchTests.swift */,
			);
			path = "a-guitarists-best-friendUITests";
			sourceTree = "<group>";
		};
/* End PBXGroup section */

/* Begin PBXNativeTarget section */
		B141C1182BF493200030D783 /* a-guitarists-best-friend */ = {
			isa = PBXNativeTarget;
			buildConfigurationList = B141C13D2BF493220030D783 /* Build configuration list for PBXNativeTarget "a-guitarists-best-friend" */;
			buildPhases = (
				B141C1152BF493200030D783 /* Sources */,
				B141C1162BF493200030D783 /* Frameworks */,
				B141C1172BF493200030D783 /* Resources */,
			);
			buildRules = (
			);
			dependencies = (
			);
			name = "a-guitarists-best-friend";
			productName = "a-guitarists-best-friend";
			productReference = B141C1192BF493210030D783 /* a-guitarists-best-friend.app */;
			productType = "com.apple.product-type.application";
		};
		B141C1282BF493220030D783 /* a-guitarists-best-friendTests */ = {
			isa = PBXNativeTarget;
			buildConfigurationList = B141C1402BF493220030D783 /* Build configuration list for PBXNativeTarget "a-guitarists-best-friendTests" */;
			buildPhases = (
				B141C1252BF493220030D783 /* Sources */,
				B141C1262BF493220030D783 /* Frameworks */,
				B141C1272BF493220030D783 /* Resources */,
			);
			buildRules = (
			);
			dependencies = (
				B141C12B2BF493220030D783 /* PBXTargetDependency */,
			);
			name = "a-guitarists-best-friendTests";
			productName = "a-guitarists-best-friendTests";
			productReference = B141C1292BF493220030D783 /* a-guitarists-best-friendTests.xctest */;
			productType = "com.apple.product-type.bundle.unit-test";
		};
		B141C1322BF493220030D783 /* a-guitarists-best-friendUITests */ = {
			isa = PBXNativeTarget;
			buildConfigurationList = B141C1432BF493220030D783 /* Build configuration list for PBXNativeTarget "a-guitarists-best-friendUITests" */;
			buildPhases = (
				B141C12F2BF493220030D783 /* Sources */,
				B141C1302BF493220030D783 /* Frameworks */,
				B141C1312BF493220030D783 /* Resources */,
			);
			buildRules = (
			);
			dependencies = (
				B141C1352BF493220030D783 /* PBXTargetDependency */,
			);
			name = "a-guitarists-best-friendUITests";
			productName = "a-guitarists-best-friendUITests";
			productReference = B141C1332BF493220030D783 /* a-guitarists-best-friendUITests.xctest */;
			productType = "com.apple.product-type.bundle.ui-testing";
		};
/* End PBXNativeTarget section */

/* Begin PBXProject section */
		B141C1112BF493200030D783 /* Project object */ = {
			isa = PBXProject;
			attributes = {
				BuildIndependentTargetsInParallel = 1;
				LastSwiftUpdateCheck = 1530;
				LastUpgradeCheck = 1530;
				TargetAttributes = {
					B141C1182BF493200030D783 = {
						CreatedOnToolsVersion = 15.3;
					};
					B141C1282BF493220030D783 = {
						CreatedOnToolsVersion = 15.3;
						TestTargetID = B141C1182BF493200030D783;
					};
					B141C1322BF493220030D783 = {
						CreatedOnToolsVersion = 15.3;
						TestTargetID = B141C1182BF493200030D783;
					};
				};
			};
			buildConfigurationList = B141C1142BF493200030D783 /* Build configuration list for PBXProject "a-guitarists-best-friend" */;
			compatibilityVersion = "Xcode 14.0";
			developmentRegion = en;
			hasScannedForEncodings = 0;
			knownRegions = (
				en,
				Base,
			);
			mainGroup = B141C1102BF493200030D783;
			productRefGroup = B141C11A2BF493210030D783 /* Products */;
			projectDirPath = "";
			projectRoot = "";
			targets = (
				B141C1182BF493200030D783 /* a-guitarists-best-friend */,
				B141C1282BF493220030D783 /* a-guitarists-best-friendTests */,
				B141C1322BF493220030D783 /* a-guitarists-best-friendUITests */,
			);
		};
/* End PBXProject section */

/* Begin PBXResourcesBuildPhase section */
		B141C1172BF493200030D783 /* Resources */ = {
			isa = PBXResourcesBuildPhase;
			buildActionMask = 2147483647;
			files = (
				B141C1242BF493220030D783 /* Preview Assets.xcassets in Resources */,
				B141C1212BF493220030D783 /* Assets.xcassets in Resources */,
			);
			runOnlyForDeploymentPostprocessing = 0;
		};
		B141C1272BF493220030D783 /* Resources */ = {
			isa = PBXResourcesBuildPhase;
			buildActionMask = 2147483647;
			files = (
			);
			runOnlyForDeploymentPostprocessing = 0;
		};
		B141C1312BF493220030D783 /* Resources */ = {
			isa = PBXResourcesBuildPhase;
			buildActionMask = 2147483647;
			files = (
			);
			runOnlyForDeploymentPostprocessing = 0;
		};
/* End PBXResourcesBuildPhase section */

/* Begin PBXSourcesBuildPhase section */
		B141C1152BF493200030D783 /* Sources */ = {
			isa = PBXSourcesBuildPhase;
			buildActionMask = 2147483647;
			files = (
				B141C11F2BF493210030D783 /* ContentView.swift in Sources */,
				B141C11D2BF493210030D783 /* a_guitarists_best_friendApp.swift in Sources */,
			);
			runOnlyForDeploymentPostprocessing = 0;
		};
		B141C1252BF493220030D783 /* Sources */ = {
			isa = PBXSourcesBuildPhase;
			buildActionMask = 2147483647;
			files = (
				B141C12E2BF493220030D783 /* a_guitarists_best_friendTests.swift in Sources */,
			);
			runOnlyForDeploymentPostprocessing = 0;
		};
		B141C12F2BF493220030D783 /* Sources */ = {
			isa = PBXSourcesBuildPhase;
			buildActionMask = 2147483647;
			files = (
				B141C1382BF493220030D783 /* a_guitarists_best_friendUITests.swift in Sources */,
				B141C13A2BF493220030D783 /* a_guitarists_best_friendUITestsLaunchTests.swift in Sources */,
			);
			runOnlyForDeploymentPostprocessing = 0;
		};
/* End PBXSourcesBuildPhase section */

/* Begin PBXTargetDependency section */
		B141C12B2BF493220030D783 /* PBXTargetDependency */ = {
			isa = PBXTargetDependency;
			target = B141C1182BF493200030D783 /* a-guitarists-best-friend */;
			targetProxy = B141C12A2BF493220030D783 /* PBXContainerItemProxy */;
		};
		B141C1352BF493220030D783 /* PBXTargetDependency */ = {
			isa = PBXTargetDependency;
			target = B141C1182BF493200030D783 /* a-guitarists-best-friend */;
			targetProxy = B141C1342BF493220030D783 /* PBXContainerItemProxy */;
		};
/* End PBXTargetDependency section */

/* Begin XCBuildConfiguration section */
		B141C13B2BF493220030D783 /* Debug */ = {
			isa = XCBuildConfiguration;
			buildSettings = {
				ALWAYS_SEARCH_USER_PATHS = NO;
				ASSETCATALOG_COMPILER_GENERATE_SWIFT_ASSET_SYMBOL_EXTENSIONS = YES;
				CLANG_ANALYZER_NONNULL = YES;
				CLANG_ANALYZER_NUMBER_OBJECT_CONVERSION = YES_AGGRESSIVE;
				CLANG_CXX_LANGUAGE_STANDARD = "gnu++20";
				CLANG_ENABLE_MODULES = YES;
				CLANG_ENABLE_OBJC_ARC = YES;
				CLANG_ENABLE_OBJC_WEAK = YES;
				CLANG_WARN_BLOCK_CAPTURE_AUTORELEASING = YES;
				CLANG_WARN_BOOL_CONVERSION = YES;
				CLANG_WARN_COMMA = YES;
				CLANG_WARN_CONSTANT_CONVERSION = YES;
				CLANG_WARN_DEPRECATED_OBJC_IMPLEMENTATIONS = YES;
				CLANG_WARN_DIRECT_OBJC_ISA_USAGE = YES_ERROR;
				CLANG_WARN_DOCUMENTATION_COMMENTS = YES;
				CLANG_WARN_EMPTY_BODY = YES;
				CLANG_WARN_ENUM_CONVERSION = YES;
				CLANG_WARN_INFINITE_RECURSION = YES;
				CLANG_WARN_INT_CONVERSION = YES;
				CLANG_WARN_NON_LITERAL_NULL_CONVERSION = YES;
				CLANG_WARN_OBJC_IMPLICIT_RETAIN_SELF = YES;
				CLANG_WARN_OBJC_LITERAL_CONVERSION = YES;
				CLANG_WARN_OBJC_ROOT_CLASS = YES_ERROR;
				CLANG_WARN_QUOTED_INCLUDE_IN_FRAMEWORK_HEADER = YES;
				CLANG_WARN_RANGE_LOOP_ANALYSIS = YES;
				CLANG_WARN_STRICT_PROTOTYPES = YES;
				CLANG_WARN_SUSPICIOUS_MOVE = YES;
				CLANG_WARN_UNGUARDED_AVAILABILITY = YES_AGGRESSIVE;
				CLANG_WARN_UNREACHABLE_CODE = YES;
				CLANG_WARN__DUPLICATE_METHOD_MATCH = YES;
				COPY_PHASE_STRIP = NO;
				DEBUG_INFORMATION_FORMAT = dwarf;
				ENABLE_STRICT_OBJC_MSGSEND = YES;
				ENABLE_TESTABILITY = YES;
				ENABLE_USER_SCRIPT_SANDBOXING = YES;
				GCC_C_LANGUAGE_STANDARD = gnu17;
				GCC_DYNAMIC_NO_PIC = NO;
				GCC_NO_COMMON_BLOCKS = YES;
				GCC_OPTIMIZATION_LEVEL = 0;
				GCC_PREPROCESSOR_DEFINITIONS = (
					"DEBUG=1",
					"$(inherited)",
				);
				GCC_WARN_64_TO_32_BIT_CONVERSION = YES;
				GCC_WARN_ABOUT_RETURN_TYPE = YES_ERROR;
				GCC_WARN_UNDECLARED_SELECTOR = YES;
				GCC_WARN_UNINITIALIZED_AUTOS = YES_AGGRESSIVE;
				GCC_WARN_UNUSED_FUNCTION = YES;
				GCC_WARN_UNUSED_VARIABLE = YES;
				IPHONEOS_DEPLOYMENT_TARGET = 17.4;
				LOCALIZATION_PREFERS_STRING_CATALOGS = YES;
				MTL_ENABLE_DEBUG_INFO = INCLUDE_SOURCE;
				MTL_FAST_MATH = YES;
				ONLY_ACTIVE_ARCH = YES;
				SDKROOT = iphoneos;
				SWIFT_ACTIVE_COMPILATION_CONDITIONS = "DEBUG $(inherited)";
				SWIFT_OPTIMIZATION_LEVEL = "-Onone";
			};
			name = Debug;
		};
		B141C13C2BF493220030D783 /* Release */ = {
			isa = XCBuildConfiguration;
			buildSettings = {
				ALWAYS_SEARCH_USER_PATHS = NO;
				ASSETCATALOG_COMPILER_GENERATE_SWIFT_ASSET_SYMBOL_EXTENSIONS = YES;
				CLANG_ANALYZER_NONNULL = YES;
				CLANG_ANALYZER_NUMBER_OBJECT_CONVERSION = YES_AGGRESSIVE;
				CLANG_CXX_LANGUAGE_STANDARD = "gnu++20";
				CLANG_ENABLE_MODULES = YES;
				CLANG_ENABLE_OBJC_ARC = YES;
				CLANG_ENABLE_OBJC_WEAK = YES;
				CLANG_WARN_BLOCK_CAPTURE_AUTORELEASING = YES;
				CLANG_WARN_BOOL_CONVERSION = YES;
				CLANG_WARN_COMMA = YES;
				CLANG_WARN_CONSTANT_CONVERSION = YES;
				CLANG_WARN_DEPRECATED_OBJC_IMPLEMENTATIONS = YES;
				CLANG_WARN_DIRECT_OBJC_ISA_USAGE = YES_ERROR;
				CLANG_WARN_DOCUMENTATION_COMMENTS = YES;
				CLANG_WARN_EMPTY_BODY = YES;
				CLANG_WARN_ENUM_CONVERSION = YES;
				CLANG_WARN_INFINITE_RECURSION = YES;
				CLANG_WARN_INT_CONVERSION = YES;
				CLANG_WARN_NON_LITERAL_NULL_CONVERSION = YES;
				CLANG_WARN_OBJC_IMPLICIT_RETAIN_SELF = YES;
				CLANG_WARN_OBJC_LITERAL_CONVERSION = YES;
				CLANG_WARN_OBJC_ROOT_CLASS = YES_ERROR;
				CLANG_WARN_QUOTED_INCLUDE_IN_FRAMEWORK_HEADER = YES;
				CLANG_WARN_RANGE_LOOP_ANALYSIS = YES;
				CLANG_WARN_STRICT_PROTOTYPES = YES;
				CLANG_WARN_SUSPICIOUS_MOVE = YES;
				CLANG_WARN_UNGUARDED_AVAILABILITY = YES_AGGRESSIVE;
				CLANG_WARN_UNREACHABLE_CODE = YES;
				CLANG_WARN__DUPLICATE_METHOD_MATCH = YES;
				COPY_PHASE_STRIP = NO;
				DEBUG_INFORMATION_FORMAT = "dwarf-with-dsym";
				ENABLE_NS_ASSERTIONS = NO;
				ENABLE_STRICT_OBJC_MSGSEND = YES;
				ENABLE_USER_SCRIPT_SANDBOXING = YES;
				GCC_C_LANGUAGE_STANDARD = gnu17;
				GCC_NO_COMMON_BLOCKS = YES;
				GCC_WARN_64_TO_32_BIT_CONVERSION = YES;
				GCC_WARN_ABOUT_RETURN_TYPE = YES_ERROR;
				GCC_WARN_UNDECLARED_SELECTOR = YES;
				GCC_WARN_UNINITIALIZED_AUTOS = YES_AGGRESSIVE;
				GCC_WARN_UNUSED_FUNCTION = YES;
				GCC_WARN_UNUSED_VARIABLE = YES;
				IPHONEOS_DEPLOYMENT_TARGET = 17.4;
				LOCALIZATION_PREFERS_STRING_CATALOGS = YES;
				MTL_ENABLE_DEBUG_INFO = NO;
				MTL_FAST_MATH = YES;
				SDKROOT = iphoneos;
				SWIFT_COMPILATION_MODE = wholemodule;
				VALIDATE_PRODUCT = YES;
			};
			name = Release;
		};
		B141C13E2BF493220030D783 /* Debug */ = {
			isa = XCBuildConfiguration;
			buildSettings = {
				ASSETCATALOG_COMPILER_APPICON_NAME = AppIcon;
				ASSETCATALOG_COMPILER_GLOBAL_ACCENT_COLOR_NAME = AccentColor;
				CODE_SIGN_STYLE = Automatic;
				CURRENT_PROJECT_VERSION = 1;
				DEVELOPMENT_ASSET_PATHS = "\"a-guitarists-best-friend/Preview Content\"";
				ENABLE_PREVIEWS = YES;
				GENERATE_INFOPLIST_FILE = YES;
				INFOPLIST_KEY_UIApplicationSceneManifest_Generation = YES;
				INFOPLIST_KEY_UIApplicationSupportsIndirectInputEvents = YES;
				INFOPLIST_KEY_UILaunchScreen_Generation = YES;
				INFOPLIST_KEY_UISupportedInterfaceOrientations_iPad = "UIInterfaceOrientationPortrait UIInterfaceOrientationPortraitUpsideDown UIInterfaceOrientationLandscapeLeft UIInterfaceOrientationLandscapeRight";
				INFOPLIST_KEY_UISupportedInterfaceOrientations_iPhone = "UIInterfaceOrientationPortrait UIInterfaceOrientationLandscapeLeft UIInterfaceOrientationLandscapeRight";
				LD_RUNPATH_SEARCH_PATHS = (
					"$(inherited)",
					"@executable_path/Frameworks",
				);
				MARKETING_VERSION = 1.0;
				PRODUCT_BUNDLE_IDENTIFIER = "tdimnet.a-guitarists-best-friend";
				PRODUCT_NAME = "$(TARGET_NAME)";
				SWIFT_EMIT_LOC_STRINGS = YES;
				SWIFT_VERSION = 5.0;
				TARGETED_DEVICE_FAMILY = "1,2";
			};
			name = Debug;
		};
		B141C13F2BF493220030D783 /* Release */ = {
			isa = XCBuildConfiguration;
			buildSettings = {
				ASSETCATALOG_COMPILER_APPICON_NAME = AppIcon;
				ASSETCATALOG_COMPILER_GLOBAL_ACCENT_COLOR_NAME = AccentColor;
				CODE_SIGN_STYLE = Automatic;
				CURRENT_PROJECT_VERSION = 1;
				DEVELOPMENT_ASSET_PATHS = "\"a-guitarists-best-friend/Preview Content\"";
				ENABLE_PREVIEWS = YES;
				GENERATE_INFOPLIST_FILE = YES;
				INFOPLIST_KEY_UIApplicationSceneManifest_Generation = YES;
				INFOPLIST_KEY_UIApplicationSupportsIndirectInputEvents = YES;
				INFOPLIST_KEY_UILaunchScreen_Generation = YES;
				INFOPLIST_KEY_UISupportedInterfaceOrientations_iPad = "UIInterfaceOrientationPortrait UIInterfaceOrientationPortraitUpsideDown UIInterfaceOrientationLandscapeLeft UIInterfaceOrientationLandscapeRight";
				INFOPLIST_KEY_UISupportedInterfaceOrientations_iPhone = "UIInterfaceOrientationPortrait UIInterfaceOrientationLandscapeLeft UIInterfaceOrientationLandscapeRight";
				LD_RUNPATH_SEARCH_PATHS = (
					"$(inherited)",
					"@executable_path/Frameworks",
				);
				MARKETING_VERSION = 1.0;
				PRODUCT_BUNDLE_IDENTIFIER = "tdimnet.a-guitarists-best-friend";
				PRODUCT_NAME = "$(TARGET_NAME)";
				SWIFT_EMIT_LOC_STRINGS = YES;
				SWIFT_VERSION = 5.0;
				TARGETED_DEVICE_FAMILY = "1,2";
			};
			name = Release;
		};
		B141C1412BF493220030D783 /* Debug */ = {
			isa = XCBuildConfiguration;
			buildSettings = {
				ALWAYS_EMBED_SWIFT_STANDARD_LIBRARIES = YES;
				BUNDLE_LOADER = "$(TEST_HOST)";
				CODE_SIGN_STYLE = Automatic;
				CURRENT_PROJECT_VERSION = 1;
				GENERATE_INFOPLIST_FILE = YES;
				IPHONEOS_DEPLOYMENT_TARGET = 17.4;
				MARKETING_VERSION = 1.0;
				PRODUCT_BUNDLE_IDENTIFIER = "tdimnet.a-guitarists-best-friendTests";
				PRODUCT_NAME = "$(TARGET_NAME)";
				SWIFT_EMIT_LOC_STRINGS = NO;
				SWIFT_VERSION = 5.0;
				TARGETED_DEVICE_FAMILY = "1,2";
				TEST_HOST = "$(BUILT_PRODUCTS_DIR)/a-guitarists-best-friend.app/$(BUNDLE_EXECUTABLE_FOLDER_PATH)/a-guitarists-best-friend";
			};
			name = Debug;
		};
		B141C1422BF493220030D783 /* Release */ = {
			isa = XCBuildConfiguration;
			buildSettings = {
				ALWAYS_EMBED_SWIFT_STANDARD_LIBRARIES = YES;
				BUNDLE_LOADER = "$(TEST_HOST)";
				CODE_SIGN_STYLE = Automatic;
				CURRENT_PROJECT_VERSION = 1;
				GENERATE_INFOPLIST_FILE = YES;
				IPHONEOS_DEPLOYMENT_TARGET = 17.4;
				MARKETING_VERSION = 1.0;
				PRODUCT_BUNDLE_IDENTIFIER = "tdimnet.a-guitarists-best-friendTests";
				PRODUCT_NAME = "$(TARGET_NAME)";
				SWIFT_EMIT_LOC_STRINGS = NO;
				SWIFT_VERSION = 5.0;
				TARGETED_DEVICE_FAMILY = "1,2";
				TEST_HOST = "$(BUILT_PRODUCTS_DIR)/a-guitarists-best-friend.app/$(BUNDLE_EXECUTABLE_FOLDER_PATH)/a-guitarists-best-friend";
			};
			name = Release;
		};
		B141C1442BF493220030D783 /* Debug */ = {
			isa = XCBuildConfiguration;
			buildSettings = {
				ALWAYS_EMBED_SWIFT_STANDARD_LIBRARIES = YES;
				CODE_SIGN_STYLE = Automatic;
				CURRENT_PROJECT_VERSION = 1;
				GENERATE_INFOPLIST_FILE = YES;
				MARKETING_VERSION = 1.0;
				PRODUCT_BUNDLE_IDENTIFIER = "tdimnet.a-guitarists-best-friendUITests";
				PRODUCT_NAME = "$(TARGET_NAME)";
				SWIFT_EMIT_LOC_STRINGS = NO;
				SWIFT_VERSION = 5.0;
				TARGETED_DEVICE_FAMILY = "1,2";
				TEST_TARGET_NAME = "a-guitarists-best-friend";
			};
			name = Debug;
		};
		B141C1452BF493220030D783 /* Release */ = {
			isa = XCBuildConfiguration;
			buildSettings = {
				ALWAYS_EMBED_SWIFT_STANDARD_LIBRARIES = YES;
				CODE_SIGN_STYLE = Automatic;
				CURRENT_PROJECT_VERSION = 1;
				GENERATE_INFOPLIST_FILE = YES;
				MARKETING_VERSION = 1.0;
				PRODUCT_BUNDLE_IDENTIFIER = "tdimnet.a-guitarists-best-friendUITests";
				PRODUCT_NAME = "$(TARGET_NAME)";
				SWIFT_EMIT_LOC_STRINGS = NO;
				SWIFT_VERSION = 5.0;
				TARGETED_DEVICE_FAMILY = "1,2";
				TEST_TARGET_NAME = "a-guitarists-best-friend";
			};
			name = Release;
		};
/* End XCBuildConfiguration section */

/* Begin XCConfigurationList section */
		B141C1142BF493200030D783 /* Build configuration list for PBXProject "a-guitarists-best-friend" */ = {
			isa = XCConfigurationList;
			buildConfigurations = (
				B141C13B2BF493220030D783 /* Debug */,
				B141C13C2BF493220030D783 /* Release */,
			);
			defaultConfigurationIsVisible = 0;
			defaultConfigurationName = Release;
		};
		B141C13D2BF493220030D783 /* Build configuration list for PBXNativeTarget "a-guitarists-best-friend" */ = {
			isa = XCConfigurationList;
			buildConfigurations = (
				B141C13E2BF493220030D783 /* Debug */,
				B141C13F2BF493220030D783 /* Release */,
			);
			defaultConfigurationIsVisible = 0;
			defaultConfigurationName = Release;
		};
		B141C1402BF493220030D783 /* Build configuration list for PBXNativeTarget "a-guitarists-best-friendTests" */ = {
			isa = XCConfigurationList;
			buildConfigurations = (
				B141C1412BF493220030D783 /* Debug */,
				B141C1422BF493220030D783 /* Release */,
			);
			defaultConfigurationIsVisible = 0;
			defaultConfigurationName = Release;
		};
		B141C1432BF493220030D783 /* Build configuration list for PBXNativeTarget "a-guitarists-best-friendUITests" */ = {
			isa = XCConfigurationList;
			buildConfigurations = (
				B141C1442BF493220030D783 /* Debug */,
				B141C1452BF493220030D783 /* Release */,
			);
			defaultConfigurationIsVisible = 0;
			defaultConfigurationName = Release;
		};
/* End XCConfigurationList section */
	};
	rootObject = B141C1112BF493200030D783 /* Project object */;
}
